[[package]]
name = "pytube"
version = "12.1.2"
description = "Python 3 library for downloading YouTube Videos."
category = "main"
optional = false
python-versions = ">=3.6"

[metadata]
lock-version = "1.1"
python-versions = "^3.10"
content-hash = "7165b9c51366ffb82ff3ba193c405d8f3ac5e1dcf0ec3e7da091891b555337aa"

[metadata.files]
pytube = [
    {file = "pytube-12.1.2-py3-none-any.whl", hash = "sha256:a844800002744f33107f4440543f9a5f1fd9fcd97dad35cf2dd4803212352d9a"},
    {file = "pytube-12.1.2.tar.gz", hash = "sha256:2d34a484f81cae106ea84e8c00871f97dcc293e8ed8c074e65abc4119f02c98f"},
]
